# This is a Gradle generated file for dependency locking.
# Manual edits can break the build and are not advised.
# This file is expected to be part of source control.
androidx.activity:activity-compose:1.8.2=androidHostTestLintChecksClasspath,androidHostTestRuntimeClasspath
androidx.activity:activity-ktx:1.8.2=androidHostTestLintChecksClasspath,androidHostTestRuntimeClasspath
androidx.activity:activity:1.8.2=androidHostTestLintChecksClasspath,androidHostTestRuntimeClasspath
androidx.annotation:annotation-experimental:1.4.1=androidHostTestCompileClasspath,androidHostTestLintChecksClasspath,androidHostTestRuntimeClasspath
androidx.annotation:annotation-jvm:1.9.1=androidHostTestCompileClasspath,androidHostTestLintChecksClasspath,androidHostTestRuntimeClasspath
androidx.annotation:annotation:1.9.1=androidHostTestCompileClasspath,androidHostTestLintChecksClasspath,androidHostTestRuntimeClasspath
androidx.arch.core:core-common:2.2.0=androidHostTestCompileClasspath,androidHostTestLintChecksClasspath,androidHostTestRuntimeClasspath
androidx.arch.core:core-runtime:2.2.0=androidHostTestLintChecksClasspath,androidHostTestRuntimeClasspath
androidx.autofill:autofill:1.0.0=androidHostTestLintChecksClasspath,androidHostTestRuntimeClasspath
androidx.collection:collection-jvm:1.5.0=androidHostTestCompileClasspath,androidHostTestLintChecksClasspath,androidHostTestRuntimeClasspath
androidx.collection:collection-ktx:1.5.0=androidHostTestLintChecksClasspath,androidHostTestRuntimeClasspath
androidx.collection:collection:1.5.0=androidHostTestCompileClasspath,androidHostTestLintChecksClasspath,androidHostTestRuntimeClasspath
androidx.compose.animation:animation-android:1.11.2=androidHostTestCompileClasspath,androidHostTestLintChecksClasspath,androidHostTestRuntimeClasspath
androidx.compose.animation:animation-core-android:1.11.2=androidHostTestCompileClasspath,androidHostTestLintChecksClasspath,androidHostTestRuntimeClasspath
androidx.compose.animation:animation-core:1.11.2=androidHostTestCompileClasspath,androidHostTestLintChecksClasspath,androidHostTestRuntimeClasspath
androidx.compose.animation:animation:1.11.2=androidHostTestCompileClasspath,androidHostTestLintChecksClasspath,androidHostTestRuntimeClasspath
androidx.compose.foundation:foundation-android:1.11.2=androidHostTestCompileClasspath,androidHostTestLintChecksClasspath,androidHostTestRuntimeClasspath
androidx.compose.foundation:foundation-layout-android:1.11.2=androidHostTestCompileClasspath,androidHostTestLintChecksClasspath,androidHostTestRuntimeClasspath
androidx.compose.foundation:foundation-layout:1.11.2=androidHostTestCompileClasspath,androidHostTestLintChecksClasspath,androidHostTestRuntimeClasspath
androidx.compose.foundation:foundation:1.11.2=androidHostTestCompileClasspath,androidHostTestLintChecksClasspath,androidHostTestRuntimeClasspath
androidx.compose.material3:material3-android:1.5.0-alpha17=androidHostTestCompileClasspath,androidHostTestLintChecksClasspath,androidHostTestRuntimeClasspath
androidx.compose.material3:material3:1.5.0-alpha17=androidHostTestCompileClasspath,androidHostTestLintChecksClasspath,androidHostTestRuntimeClasspath
androidx.compose.material:material-ripple-android:1.11.0-rc01=androidHostTestCompileClasspath,androidHostTestLintChecksClasspath,androidHostTestRuntimeClasspath
androidx.compose.material:material-ripple:1.11.0-rc01=androidHostTestCompileClasspath,androidHostTestLintChecksClasspath,androidHostTestRuntimeClasspath
androidx.compose.runtime:runtime-android:1.11.2=androidHostTestCompileClasspath,androidHostTestLintChecksClasspath,androidHostTestRuntimeClasspath
androidx.compose.runtime:runtime-annotation-android:1.11.2=androidHostTestCompileClasspath,androidHostTestLintChecksClasspath,androidHostTestRuntimeClasspath
androidx.compose.runtime:runtime-annotation:1.11.2=androidHostTestCompileClasspath,androidHostTestLintChecksClasspath,androidHostTestRuntimeClasspath
androidx.compose.runtime:runtime-retain-android:1.11.2=androidHostTestCompileClasspath,androidHostTestLintChecksClasspath,androidHostTestRuntimeClasspath
androidx.compose.runtime:runtime-retain:1.11.2=androidHostTestCompileClasspath,androidHostTestLintChecksClasspath,androidHostTestRuntimeClasspath
androidx.compose.runtime:runtime-saveable-android:1.11.2=androidHostTestCompileClasspath,androidHostTestLintChecksClasspath,androidHostTestRuntimeClasspath
androidx.compose.runtime:runtime-saveable:1.11.2=androidHostTestCompileClasspath,androidHostTestLintChecksClasspath,androidHostTestRuntimeClasspath
androidx.compose.runtime:runtime:1.11.2=androidHostTestCompileClasspath,androidHostTestLintChecksClasspath,androidHostTestRuntimeClasspath
androidx.compose.ui:ui-android:1.11.2=androidHostTestCompileClasspath,androidHostTestLintChecksClasspath,androidHostTestRuntimeClasspath
androidx.compose.ui:ui-geometry-android:1.11.2=androidHostTestCompileClasspath,androidHostTestLintChecksClasspath,androidHostTestRuntimeClasspath
androidx.compose.ui:ui-geometry:1.11.2=androidHostTestCompileClasspath,androidHostTestLintChecksClasspath,androidHostTestRuntimeClasspath
androidx.compose.ui:ui-graphics-android:1.11.2=androidHostTestCompileClasspath,androidHostTestLintChecksClasspath,androidHostTestRuntimeClasspath
androidx.compose.ui:ui-graphics:1.11.2=androidHostTestCompileClasspath,androidHostTestLintChecksClasspath,androidHostTestRuntimeClasspath
androidx.compose.ui:ui-text-android:1.11.2=androidHostTestCompileClasspath,androidHostTestLintChecksClasspath,androidHostTestRuntimeClasspath
androidx.compose.ui:ui-text:1.11.2=androidHostTestCompileClasspath,androidHostTestLintChecksClasspath,androidHostTestRuntimeClasspath
androidx.compose.ui:ui-tooling-preview-android:1.11.2=androidHostTestCompileClasspath,androidHostTestLintChecksClasspath,androidHostTestRuntimeClasspath
androidx.compose.ui:ui-tooling-preview:1.11.2=androidHostTestCompileClasspath,androidHostTestLintChecksClasspath,androidHostTestRuntimeClasspath
androidx.compose.ui:ui-unit-android:1.11.2=androidHostTestCompileClasspath,androidHostTestLintChecksClasspath,androidHostTestRuntimeClasspath
androidx.compose.ui:ui-unit:1.11.2=androidHostTestCompileClasspath,androidHostTestLintChecksClasspath,androidHostTestRuntimeClasspath
androidx.compose.ui:ui-util-android:1.11.2=androidHostTestCompileClasspath,androidHostTestLintChecksClasspath,androidHostTestRuntimeClasspath
androidx.compose.ui:ui-util:1.11.2=androidHostTestCompileClasspath,androidHostTestLintChecksClasspath,androidHostTestRuntimeClasspath
androidx.compose.ui:ui:1.11.2=androidHostTestCompileClasspath,androidHostTestLintChecksClasspath,androidHostTestRuntimeClasspath
androidx.concurrent:concurrent-futures:1.1.0=androidHostTestLintChecksClasspath,androidHostTestRuntimeClasspath
androidx.core:core-ktx:1.16.0=androidHostTestLintChecksClasspath,androidHostTestRuntimeClasspath
androidx.core:core-ktx:1.2.0=androidHostTestCompileClasspath
androidx.core:core-viewtree:1.0.0=androidHostTestLintChecksClasspath,androidHostTestRuntimeClasspath
androidx.core:core:1.16.0=androidHostTestLintChecksClasspath,androidHostTestRuntimeClasspath
androidx.core:core:1.2.0=androidHostTestCompileClasspath
androidx.customview:customview-poolingcontainer:1.0.0=androidHostTestLintChecksClasspath,androidHostTestRuntimeClasspath
androidx.documentfile:documentfile:1.0.0=androidHostTestLintChecksClasspath,androidHostTestRuntimeClasspath
androidx.dynamicanimation:dynamicanimation:1.0.0=androidHostTestLintChecksClasspath,androidHostTestRuntimeClasspath
androidx.emoji2:emoji2:1.4.0=androidHostTestLintChecksClasspath,androidHostTestRuntimeClasspath
androidx.graphics:graphics-path:1.0.1=androidHostTestLintChecksClasspath,androidHostTestRuntimeClasspath
androidx.graphics:graphics-shapes-android:1.1.0=androidHostTestCompileClasspath,androidHostTestLintChecksClasspath,androidHostTestRuntimeClasspath
androidx.graphics:graphics-shapes:1.1.0=androidHostTestCompileClasspath,androidHostTestLintChecksClasspath,androidHostTestRuntimeClasspath
androidx.interpolator:interpolator:1.0.0=androidHostTestLintChecksClasspath,androidHostTestRuntimeClasspath
androidx.legacy:legacy-support-core-utils:1.0.0=androidHostTestLintChecksClasspath,androidHostTestRuntimeClasspath
androidx.lifecycle:lifecycle-common-java8:2.11.0-beta01=androidHostTestLintChecksClasspath,androidHostTestRuntimeClasspath
androidx.lifecycle:lifecycle-common-jvm:2.11.0-beta01=androidHostTestCompileClasspath,androidHostTestLintChecksClasspath,androidHostTestRuntimeClasspath
androidx.lifecycle:lifecycle-common:2.11.0-beta01=androidHostTestCompileClasspath,androidHostTestLintChecksClasspath,androidHostTestRuntimeClasspath
androidx.lifecycle:lifecycle-livedata-core-ktx:2.11.0-beta01=androidHostTestLintChecksClasspath,androidHostTestRuntimeClasspath
androidx.lifecycle:lifecycle-livedata-core:2.11.0-beta01=androidHostTestCompileClasspath,androidHostTestLintChecksClasspath,androidHostTestRuntimeClasspath
androidx.lifecycle:lifecycle-livedata:2.11.0-beta01=androidHostTestLintChecksClasspath,androidHostTestRuntimeClasspath
androidx.lifecycle:lifecycle-process:2.11.0-beta01=androidHostTestLintChecksClasspath,androidHostTestRuntimeClasspath
androidx.lifecycle:lifecycle-runtime-android:2.11.0-beta01=androidHostTestCompileClasspath,androidHostTestLintChecksClasspath,androidHostTestRuntimeClasspath
androidx.lifecycle:lifecycle-runtime-compose-android:2.11.0-beta01=androidHostTestCompileClasspath,androidHostTestLintChecksClasspath,androidHostTestRuntimeClasspath
androidx.lifecycle:lifecycle-runtime-compose:2.11.0-beta01=androidHostTestCompileClasspath,androidHostTestLintChecksClasspath,androidHostTestRuntimeClasspath
androidx.lifecycle:lifecycle-runtime-ktx-android:2.11.0-beta01=androidHostTestCompileClasspath,androidHostTestLintChecksClasspath,androidHostTestRuntimeClasspath
androidx.lifecycle:lifecycle-runtime-ktx:2.11.0-beta01=androidHostTestCompileClasspath,androidHostTestLintChecksClasspath,androidHostTestRuntimeClasspath
androidx.lifecycle:lifecycle-runtime:2.11.0-beta01=androidHostTestCompileClasspath,androidHostTestLintChecksClasspath,androidHostTestRuntimeClasspath
androidx.lifecycle:lifecycle-viewmodel-android:2.11.0-beta01=androidHostTestCompileClasspath,androidHostTestLintChecksClasspath,androidHostTestRuntimeClasspath
androidx.lifecycle:lifecycle-viewmodel-compose-android:2.11.0-beta01=androidHostTestCompileClasspath,androidHostTestLintChecksClasspath,androidHostTestRuntimeClasspath
androidx.lifecycle:lifecycle-viewmodel-compose:2.11.0-beta01=androidHostTestCompileClasspath,androidHostTestLintChecksClasspath,androidHostTestRuntimeClasspath
androidx.lifecycle:lifecycle-viewmodel-ktx:2.11.0-beta01=androidHostTestLintChecksClasspath,androidHostTestRuntimeClasspath
androidx.lifecycle:lifecycle-viewmodel-savedstate-android:2.11.0-beta01=androidHostTestCompileClasspath,androidHostTestLintChecksClasspath,androidHostTestRuntimeClasspath
androidx.lifecycle:lifecycle-viewmodel-savedstate:2.11.0-beta01=androidHostTestCompileClasspath,androidHostTestLintChecksClasspath,androidHostTestRuntimeClasspath
androidx.lifecycle:lifecycle-viewmodel:2.11.0-beta01=androidHostTestCompileClasspath,androidHostTestLintChecksClasspath,androidHostTestRuntimeClasspath
androidx.loader:loader:1.0.0=androidHostTestLintChecksClasspath,androidHostTestRuntimeClasspath
androidx.localbroadcastmanager:localbroadcastmanager:1.0.0=androidHostTestLintChecksClasspath,androidHostTestRuntimeClasspath
androidx.print:print:1.0.0=androidHostTestLintChecksClasspath,androidHostTestRuntimeClasspath
androidx.profileinstaller:profileinstaller:1.4.0=androidHostTestLintChecksClasspath,androidHostTestRuntimeClasspath
androidx.savedstate:savedstate-android:1.4.0=androidHostTestCompileClasspath,androidHostTestLintChecksClasspath,androidHostTestRuntimeClasspath
androidx.savedstate:savedstate-compose-android:1.4.0=androidHostTestCompileClasspath,androidHostTestLintChecksClasspath,androidHostTestRuntimeClasspath
androidx.savedstate:savedstate-compose:1.4.0=androidHostTestCompileClasspath,androidHostTestLintChecksClasspath,androidHostTestRuntimeClasspath
androidx.savedstate:savedstate-ktx:1.4.0=androidHostTestLintChecksClasspath,androidHostTestRuntimeClasspath
androidx.savedstate:savedstate:1.4.0=androidHostTestCompileClasspath,androidHostTestLintChecksClasspath,androidHostTestRuntimeClasspath
androidx.startup:startup-runtime:1.2.0=androidHostTestLintChecksClasspath,androidHostTestRuntimeClasspath
androidx.tracing:tracing:1.2.0=androidHostTestLintChecksClasspath,androidHostTestRuntimeClasspath
androidx.transition:transition:1.6.0=androidHostTestLintChecksClasspath,androidHostTestRuntimeClasspath
androidx.versionedparcelable:versionedparcelable:1.1.0=androidHostTestCompileClasspath
androidx.versionedparcelable:versionedparcelable:1.1.1=androidHostTestLintChecksClasspath,androidHostTestRuntimeClasspath
androidx.window:window-core-android:1.5.0=androidHostTestLintChecksClasspath,androidHostTestRuntimeClasspath
androidx.window:window-core:1.5.0=androidHostTestLintChecksClasspath,androidHostTestRuntimeClasspath
androidx.window:window:1.5.0=androidHostTestLintChecksClasspath,androidHostTestRuntimeClasspath
com.danilobarreto.stockapp:designsystem-android:0.1.2=androidHostTestCompileClasspath,androidHostTestLintChecksClasspath,androidHostTestRuntimeClasspath
com.danilobarreto.stockapp:designsystem:0.1.2=androidHostTestCompileClasspath,androidHostTestLintChecksClasspath,androidHostTestRuntimeClasspath
com.google.guava:listenablefuture:1.0=androidHostTestLintChecksClasspath,androidHostTestRuntimeClasspath
com.squareup.okhttp3:okhttp-android:5.3.2=androidHostTestCompileClasspath,androidHostTestLintChecksClasspath,androidHostTestRuntimeClasspath
com.squareup.okhttp3:okhttp:5.3.2=androidHostTestCompileClasspath,androidHostTestLintChecksClasspath,androidHostTestRuntimeClasspath
com.squareup.okio:okio-jvm:3.17.0=androidHostTestCompileClasspath,androidHostTestLintChecksClasspath,androidHostTestRuntimeClasspath
com.squareup.okio:okio:3.17.0=androidHostTestCompileClasspath,androidHostTestLintChecksClasspath,androidHostTestRuntimeClasspath
io.ktor:ktor-client-content-negotiation-jvm:3.5.0=androidHostTestCompileClasspath,androidHostTestLintChecksClasspath,androidHostTestRuntimeClasspath
io.ktor:ktor-client-content-negotiation:3.5.0=androidHostTestCompileClasspath,androidHostTestLintChecksClasspath,androidHostTestRuntimeClasspath
io.ktor:ktor-client-core-jvm:3.5.0=androidHostTestCompileClasspath,androidHostTestLintChecksClasspath,androidHostTestRuntimeClasspath
io.ktor:ktor-client-core:3.5.0=androidHostTestCompileClasspath,androidHostTestLintChecksClasspath,androidHostTestRuntimeClasspath
io.ktor:ktor-client-okhttp-jvm:3.5.0=androidHostTestCompileClasspath,androidHostTestLintChecksClasspath,androidHostTestRuntimeClasspath
io.ktor:ktor-client-okhttp:3.5.0=androidHostTestCompileClasspath,androidHostTestLintChecksClasspath,androidHostTestRuntimeClasspath
io.ktor:ktor-events-jvm:3.5.0=androidHostTestCompileClasspath,androidHostTestLintChecksClasspath,androidHostTestRuntimeClasspath
io.ktor:ktor-events:3.5.0=androidHostTestCompileClasspath,androidHostTestLintChecksClasspath,androidHostTestRuntimeClasspath
io.ktor:ktor-http-cio-jvm:3.5.0=androidHostTestCompileClasspath,androidHostTestLintChecksClasspath,androidHostTestRuntimeClasspath
io.ktor:ktor-http-cio:3.5.0=androidHostTestCompileClasspath,androidHostTestLintChecksClasspath,androidHostTestRuntimeClasspath
io.ktor:ktor-http-jvm:3.5.0=androidHostTestCompileClasspath,androidHostTestLintChecksClasspath,androidHostTestRuntimeClasspath
io.ktor:ktor-http:3.5.0=androidHostTestCompileClasspath,androidHostTestLintChecksClasspath,androidHostTestRuntimeClasspath
io.ktor:ktor-io-jvm:3.5.0=androidHostTestCompileClasspath,androidHostTestLintChecksClasspath,androidHostTestRuntimeClasspath
io.ktor:ktor-io:3.5.0=androidHostTestCompileClasspath,androidHostTestLintChecksClasspath,androidHostTestRuntimeClasspath
io.ktor:ktor-network-jvm:3.5.0=androidHostTestCompileClasspath,androidHostTestLintChecksClasspath,androidHostTestRuntimeClasspath
io.ktor:ktor-network:3.5.0=androidHostTestCompileClasspath,androidHostTestLintChecksClasspath,androidHostTestRuntimeClasspath
io.ktor:ktor-serialization-jvm:3.5.0=androidHostTestCompileClasspath,androidHostTestLintChecksClasspath,androidHostTestRuntimeClasspath
io.ktor:ktor-serialization-kotlinx-json-jvm:3.5.0=androidHostTestCompileClasspath,androidHostTestLintChecksClasspath,androidHostTestRuntimeClasspath
io.ktor:ktor-serialization-kotlinx-json:3.5.0=androidHostTestCompileClasspath,androidHostTestLintChecksClasspath,androidHostTestRuntimeClasspath
io.ktor:ktor-serialization-kotlinx-jvm:3.5.0=androidHostTestCompileClasspath,androidHostTestLintChecksClasspath,androidHostTestRuntimeClasspath
io.ktor:ktor-serialization-kotlinx:3.5.0=androidHostTestCompileClasspath,androidHostTestLintChecksClasspath,androidHostTestRuntimeClasspath
io.ktor:ktor-serialization:3.5.0=androidHostTestCompileClasspath,androidHostTestLintChecksClasspath,androidHostTestRuntimeClasspath
io.ktor:ktor-sse-jvm:3.5.0=androidHostTestCompileClasspath,androidHostTestLintChecksClasspath,androidHostTestRuntimeClasspath
io.ktor:ktor-sse:3.5.0=androidHostTestCompileClasspath,androidHostTestLintChecksClasspath,androidHostTestRuntimeClasspath
io.ktor:ktor-utils-jvm:3.5.0=androidHostTestCompileClasspath,androidHostTestLintChecksClasspath,androidHostTestRuntimeClasspath
io.ktor:ktor-utils:3.5.0=androidHostTestCompileClasspath,androidHostTestLintChecksClasspath,androidHostTestRuntimeClasspath
io.ktor:ktor-websocket-serialization-jvm:3.5.0=androidHostTestCompileClasspath,androidHostTestLintChecksClasspath,androidHostTestRuntimeClasspath
io.ktor:ktor-websocket-serialization:3.5.0=androidHostTestCompileClasspath,androidHostTestLintChecksClasspath,androidHostTestRuntimeClasspath
io.ktor:ktor-websockets-jvm:3.5.0=androidHostTestCompileClasspath,androidHostTestLintChecksClasspath,androidHostTestRuntimeClasspath
io.ktor:ktor-websockets:3.5.0=androidHostTestCompileClasspath,androidHostTestLintChecksClasspath,androidHostTestRuntimeClasspath
junit:junit:4.13.2=androidHostTestCompileClasspath,androidHostTestLintChecksClasspath,androidHostTestRuntimeClasspath
org.hamcrest:hamcrest-core:1.3=androidHostTestCompileClasspath,androidHostTestLintChecksClasspath,androidHostTestRuntimeClasspath
org.jetbrains.androidx.lifecycle:lifecycle-common:2.11.0-beta01=androidHostTestCompileClasspath,androidHostTestLintChecksClasspath,androidHostTestRuntimeClasspath
org.jetbrains.androidx.lifecycle:lifecycle-runtime-compose:2.11.0-beta01=androidHostTestCompileClasspath,androidHostTestLintChecksClasspath,androidHostTestRuntimeClasspath
org.jetbrains.androidx.lifecycle:lifecycle-runtime:2.11.0-beta01=androidHostTestCompileClasspath,androidHostTestLintChecksClasspath,androidHostTestRuntimeClasspath
org.jetbrains.androidx.lifecycle:lifecycle-viewmodel-compose:2.11.0-beta01=androidHostTestCompileClasspath,androidHostTestLintChecksClasspath,androidHostTestRuntimeClasspath
org.jetbrains.androidx.lifecycle:lifecycle-viewmodel-savedstate:2.11.0-beta01=androidHostTestCompileClasspath,androidHostTestLintChecksClasspath,androidHostTestRuntimeClasspath
org.jetbrains.androidx.lifecycle:lifecycle-viewmodel:2.11.0-beta01=androidHostTestCompileClasspath,androidHostTestLintChecksClasspath,androidHostTestRuntimeClasspath
org.jetbrains.androidx.savedstate:savedstate-compose:1.3.6=androidHostTestCompileClasspath,androidHostTestLintChecksClasspath,androidHostTestRuntimeClasspath
org.jetbrains.androidx.savedstate:savedstate:1.3.6=androidHostTestCompileClasspath,androidHostTestLintChecksClasspath,androidHostTestRuntimeClasspath
org.jetbrains.compose.animation:animation-core:1.11.1=androidHostTestCompileClasspath,androidHostTestLintChecksClasspath,androidHostTestRuntimeClasspath
org.jetbrains.compose.animation:animation:1.11.1=androidHostTestCompileClasspath,androidHostTestLintChecksClasspath,androidHostTestRuntimeClasspath
org.jetbrains.compose.components:components-resources-android:1.11.1=androidHostTestCompileClasspath,androidHostTestLintChecksClasspath,androidHostTestRuntimeClasspath
org.jetbrains.compose.components:components-resources:1.11.1=androidHostTestCompileClasspath,androidHostTestLintChecksClasspath,androidHostTestRuntimeClasspath
org.jetbrains.compose.foundation:foundation-layout:1.11.1=androidHostTestCompileClasspath,androidHostTestLintChecksClasspath,androidHostTestRuntimeClasspath
org.jetbrains.compose.foundation:foundation:1.11.1=androidHostTestCompileClasspath,androidHostTestLintChecksClasspath,androidHostTestRuntimeClasspath
org.jetbrains.compose.material3:material3:1.11.0-alpha07=androidHostTestCompileClasspath,androidHostTestLintChecksClasspath,androidHostTestRuntimeClasspath
org.jetbrains.compose.material:material-ripple:1.11.0-beta03=androidHostTestCompileClasspath,androidHostTestLintChecksClasspath,androidHostTestRuntimeClasspath
org.jetbrains.compose.runtime:runtime-saveable:1.11.1=androidHostTestCompileClasspath,androidHostTestLintChecksClasspath,androidHostTestRuntimeClasspath
org.jetbrains.compose.runtime:runtime:1.11.1=androidHostTestCompileClasspath,androidHostTestLintChecksClasspath,androidHostTestRuntimeClasspath
org.jetbrains.compose.ui:ui-geometry:1.11.1=androidHostTestCompileClasspath,androidHostTestLintChecksClasspath,androidHostTestRuntimeClasspath
org.jetbrains.compose.ui:ui-graphics:1.11.1=androidHostTestCompileClasspath,androidHostTestLintChecksClasspath,androidHostTestRuntimeClasspath
org.jetbrains.compose.ui:ui-text:1.11.1=androidHostTestCompileClasspath,androidHostTestLintChecksClasspath,androidHostTestRuntimeClasspath
org.jetbrains.compose.ui:ui-tooling-preview:1.11.1=androidHostTestCompileClasspath,androidHostTestLintChecksClasspath,androidHostTestRuntimeClasspath
org.jetbrains.compose.ui:ui-unit:1.11.1=androidHostTestCompileClasspath,androidHostTestLintChecksClasspath,androidHostTestRuntimeClasspath
org.jetbrains.compose.ui:ui-util:1.11.1=androidHostTestCompileClasspath,androidHostTestLintChecksClasspath,androidHostTestRuntimeClasspath
org.jetbrains.compose.ui:ui:1.11.1=androidHostTestCompileClasspath,androidHostTestLintChecksClasspath,androidHostTestRuntimeClasspath
org.jetbrains.kotlin:kotlin-stdlib:2.4.0=androidHostTestCompileClasspath,androidHostTestLintChecksClasspath,androidHostTestRuntimeClasspath
org.jetbrains.kotlin:kotlin-test-junit:2.4.0=androidHostTestCompileClasspath,androidHostTestLintChecksClasspath,androidHostTestRuntimeClasspath
org.jetbrains.kotlin:kotlin-test:2.4.0=androidHostTestCompileClasspath,androidHostTestLintChecksClasspath,androidHostTestRuntimeClasspath
org.jetbrains.kotlinx:kotlinx-coroutines-android:1.11.0=androidHostTestCompileClasspath,androidHostTestLintChecksClasspath,androidHostTestRuntimeClasspath
org.jetbrains.kotlinx:kotlinx-coroutines-bom:1.11.0=androidHostTestCompileClasspath,androidHostTestLintChecksClasspath,androidHostTestRuntimeClasspath
org.jetbrains.kotlinx:kotlinx-coroutines-core-jvm:1.11.0=androidHostTestCompileClasspath,androidHostTestLintChecksClasspath,androidHostTestRuntimeClasspath
org.jetbrains.kotlinx:kotlinx-coroutines-core:1.11.0=androidHostTestCompileClasspath,androidHostTestLintChecksClasspath,androidHostTestRuntimeClasspath
org.jetbrains.kotlinx:kotlinx-coroutines-slf4j:1.11.0=androidHostTestLintChecksClasspath,androidHostTestRuntimeClasspath
org.jetbrains.kotlinx:kotlinx-io-bytestring-jvm:0.9.0=androidHostTestCompileClasspath,androidHostTestLintChecksClasspath,androidHostTestRuntimeClasspath
org.jetbrains.kotlinx:kotlinx-io-bytestring:0.9.0=androidHostTestCompileClasspath,androidHostTestLintChecksClasspath,androidHostTestRuntimeClasspath
org.jetbrains.kotlinx:kotlinx-io-core-jvm:0.9.0=androidHostTestCompileClasspath,androidHostTestLintChecksClasspath,androidHostTestRuntimeClasspath
org.jetbrains.kotlinx:kotlinx-io-core:0.9.0=androidHostTestCompileClasspath,androidHostTestLintChecksClasspath,androidHostTestRuntimeClasspath
org.jetbrains.kotlinx:kotlinx-serialization-bom:1.11.0=androidHostTestCompileClasspath,androidHostTestLintChecksClasspath,androidHostTestRuntimeClasspath
org.jetbrains.kotlinx:kotlinx-serialization-core-jvm:1.11.0=androidHostTestCompileClasspath,androidHostTestLintChecksClasspath,androidHostTestRuntimeClasspath
org.jetbrains.kotlinx:kotlinx-serialization-core:1.11.0=androidHostTestCompileClasspath,androidHostTestLintChecksClasspath,androidHostTestRuntimeClasspath
org.jetbrains.kotlinx:kotlinx-serialization-json-io-jvm:1.11.0=androidHostTestCompileClasspath,androidHostTestLintChecksClasspath,androidHostTestRuntimeClasspath
org.jetbrains.kotlinx:kotlinx-serialization-json-io:1.11.0=androidHostTestCompileClasspath,androidHostTestLintChecksClasspath,androidHostTestRuntimeClasspath
org.jetbrains.kotlinx:kotlinx-serialization-json-jvm:1.11.0=androidHostTestCompileClasspath,androidHostTestLintChecksClasspath,androidHostTestRuntimeClasspath
org.jetbrains.kotlinx:kotlinx-serialization-json:1.11.0=androidHostTestCompileClasspath,androidHostTestLintChecksClasspath,androidHostTestRuntimeClasspath
org.jetbrains:annotations:23.0.0=androidHostTestCompileClasspath,androidHostTestLintChecksClasspath,androidHostTestRuntimeClasspath
org.jspecify:jspecify:1.0.0=androidHostTestCompileClasspath,androidHostTestLintChecksClasspath,androidHostTestRuntimeClasspath
org.slf4j:slf4j-api:2.0.18=androidHostTestCompileClasspath,androidHostTestLintChecksClasspath,androidHostTestRuntimeClasspath
empty=androidHostTestImplementationDependenciesMetadata,androidMainImplementationDependenciesMetadata,androidTestUtil,appleMainImplementationDependenciesMetadata,appleTestImplementationDependenciesMetadata,commonMainImplementationDependenciesMetadata,commonTestImplementationDependenciesMetadata,coreLibraryDesugaring,desktopDevAnnotationProcessor,desktopDevImplementationDependenciesMetadata,desktopMainAnnotationProcessor,desktopMainImplementationDependenciesMetadata,desktopTestAnnotationProcessor,desktopTestImplementationDependenciesMetadata,devKotlinScriptDefExtensions,hostTestKotlinScriptDefExtensions,iosArm64MainImplementationDependenciesMetadata,iosArm64TestImplementationDependenciesMetadata,iosMainImplementationDependenciesMetadata,iosSimulatorArm64MainImplementationDependenciesMetadata,iosSimulatorArm64TestImplementationDependenciesMetadata,iosTestImplementationDependenciesMetadata,kotlinCompilerPluginClasspath,kotlinNativeCompilerPluginClasspath,kotlinScriptDefExtensions,lintChecks,lintPublish,nativeMainImplementationDependenciesMetadata,nativeTestImplementationDependenciesMetadata,resolvableIosArm64TestCompilationApi,resolvableIosSimulatorArm64TestCompilationApi,swiftPMDependenciesForLockFilesMetadataClasspath,testKotlinScriptDefExtensions
